// !$*UTF8*$!
{
	archiveVersion = 1;
	classes = {
	};
	objectVersion = 46;
	objects = {

/* Begin PBXBuildFile section */
		77C1334F0EA914A85FD333B4 /* libPods.a in Frameworks */ = {isa = PBXBuildFile; fileRef = F2FB43DA1E8F11D8AC0515A6 /* libPods.a */; };
		FE308F671AE4FCF900D0BDF6 /* UUBar.m in Sources */ = {isa = PBXBuildFile; fileRef = FE308F5C1AE4FCF900D0BDF6 /* UUBar.m */; };
		FE308F681AE4FCF900D0BDF6 /* UUBarChart.m in Sources */ = {isa = PBXBuildFile; fileRef = FE308F5E1AE4FCF900D0BDF6 /* UUBarChart.m */; };
		FE308F691AE4FCF900D0BDF6 /* UUChart.m in Sources */ = {isa = PBXBuildFile; fileRef = FE308F601AE4FCF900D0BDF6 /* UUChart.m */; };
		FE308F6A1AE4FCF900D0BDF6 /* UUChartLabel.m in Sources */ = {isa = PBXBuildFile; fileRef = FE308F621AE4FCF900D0BDF6 /* UUChartLabel.m */; };
		FE308F6B1AE4FCF900D0BDF6 /* UUColor.m in Sources */ = {isa = PBXBuildFile; fileRef = FE308F641AE4FCF900D0BDF6 /* UUColor.m */; };
		FE308F6C1AE4FCF900D0BDF6 /* UULineChart.m in Sources */ = {isa = PBXBuildFile; fileRef = FE308F661AE4FCF900D0BDF6 /* UULineChart.m */; };
		FE5C83401AD6168300A2AF7C /* CoreBluetooth.framework in Frameworks */ = {isa = PBXBuildFile; fileRef = FE5C833F1AD6168300A2AF7C /* CoreBluetooth.framework */; };
		FE5C83421AD6168B00A2AF7C /* CoreLocation.framework in Frameworks */ = {isa = PBXBuildFile; fileRef = FE5C83411AD6168B00A2AF7C /* CoreLocation.framework */; };
		FE6744511ADBA1730009798A /* HRCheckListViewController.m in Sources */ = {isa = PBXBuildFile; fileRef = FE6744481ADBA1730009798A /* HRCheckListViewController.m */; };
		FE6744521ADBA1730009798A /* HRViewController.m in Sources */ = {isa = PBXBuildFile; fileRef = FE67444A1ADBA1730009798A /* HRViewController.m */; };
		FE6744541ADBA1730009798A /* Main.storyboard in Resources */ = {isa = PBXBuildFile; fileRef = FE6744501ADBA1730009798A /* Main.storyboard */; };
		FE67445B1ADCC41B0009798A /* head.jpg in Resources */ = {isa = PBXBuildFile; fileRef = FE67445A1ADCC41B0009798A /* head.jpg */; };
		FE68B5581AADA225000FA4CE /* main.m in Sources */ = {isa = PBXBuildFile; fileRef = FE68B5571AADA225000FA4CE /* main.m */; };
		FE68B55B1AADA225000FA4CE /* AppDelegate.m in Sources */ = {isa = PBXBuildFile; fileRef = FE68B55A1AADA225000FA4CE /* AppDelegate.m */; };
		FE68B5631AADA225000FA4CE /* Images.xcassets in Resources */ = {isa = PBXBuildFile; fileRef = FE68B5621AADA225000FA4CE /* Images.xcassets */; };
		FE68B5661AADA225000FA4CE /* LaunchScreen.xib in Resources */ = {isa = PBXBuildFile; fileRef = FE68B5641AADA225000FA4CE /* LaunchScreen.xib */; };
		FE68B5721AADA226000FA4CE /* WeCheckTests.m in Sources */ = {isa = PBXBuildFile; fileRef = FE68B5711AADA226000FA4CE /* WeCheckTests.m */; };
		FEA484E61ADE8F6900DCE19D /* UILabel+FlickerNumber.m in Sources */ = {isa = PBXBuildFile; fileRef = FEA484E51ADE8F6900DCE19D /* UILabel+FlickerNumber.m */; };
		FEA484EA1ADFB19200DCE19D /* XYPieChart.m in Sources */ = {isa = PBXBuildFile; fileRef = FEA484E91ADFB19200DCE19D /* XYPieChart.m */; };
		FEA484ED1ADFB1D200DCE19D /* HRStatisticsViewController.m in Sources */ = {isa = PBXBuildFile; fileRef = FEA484EC1ADFB1D200DCE19D /* HRStatisticsViewController.m */; };
/* End PBXBuildFile section */

/* Begin PBXContainerItemProxy section */
		FE68B56C1AADA225000FA4CE /* PBXContainerItemProxy */ = {
			isa = PBXContainerItemProxy;
			containerPortal = FE68B54A1AADA225000FA4CE /* Project object */;
			proxyType = 1;
			remoteGlobalIDString = FE68B5511AADA225000FA4CE;
			remoteInfo = WeCheck;
		};
/* End PBXContainerItemProxy section */

/* Begin PBXFileReference section */
		0E6E62048B787BE94CC4B6E2 /* Pods.release.xcconfig */ = {isa = PBXFileReference; includeInIndex = 1; lastKnownFileType = text.xcconfig; name = Pods.release.xcconfig; path = "Pods/Target Support Files/Pods/Pods.release.xcconfig"; sourceTree = "<group>"; };
		C88CDCD80646C23699CA936C /* Pods.debug.xcconfig */ = {isa = PBXFileReference; includeInIndex = 1; lastKnownFileType = text.xcconfig; name = Pods.debug.xcconfig; path = "Pods/Target Support Files/Pods/Pods.debug.xcconfig"; sourceTree = "<group>"; };
		F2FB43DA1E8F11D8AC0515A6 /* libPods.a */ = {isa = PBXFileReference; explicitFileType = archive.ar; includeInIndex = 0; path = libPods.a; sourceTree = BUILT_PRODUCTS_DIR; };
		FE308F5B1AE4FCF900D0BDF6 /* UUBar.h */ = {isa = PBXFileReference; fileEncoding = 4; lastKnownFileType = sourcecode.c.h; path = UUBar.h; sourceTree = "<group>"; };
		FE308F5C1AE4FCF900D0BDF6 /* UUBar.m */ = {isa = PBXFileReference; fileEncoding = 4; lastKnownFileType = sourcecode.c.objc; path = UUBar.m; sourceTree = "<group>"; };
		FE308F5D1AE4FCF900D0BDF6 /* UUBarChart.h */ = {isa = PBXFileReference; fileEncoding = 4; lastKnownFileType = sourcecode.c.h; path = UUBarChart.h; sourceTree = "<group>"; };
		FE308F5E1AE4FCF900D0BDF6 /* UUBarChart.m */ = {isa = PBXFileReference; fileEncoding = 4; lastKnownFileType = sourcecode.c.objc; path = UUBarChart.m; sourceTree = "<group>"; };
		FE308F5F1AE4FCF900D0BDF6 /* UUChart.h */ = {isa = PBXFileReference; fileEncoding = 4; lastKnownFileType = sourcecode.c.h; path = UUChart.h; sourceTree = "<group>"; };
		FE308F601AE4FCF900D0BDF6 /* UUChart.m */ = {isa = PBXFileReference; fileEncoding = 4; lastKnownFileType = sourcecode.c.objc; path = UUChart.m; sourceTree = "<group>"; };
		FE308F611AE4FCF900D0BDF6 /* UUChartLabel.h */ = {isa = PBXFileReference; fileEncoding = 4; lastKnownFileType = sourcecode.c.h; path = UUChartLabel.h; sourceTree = "<group>"; };
		FE308F621AE4FCF900D0BDF6 /* UUChartLabel.m */ = {isa = PBXFileReference; fileEncoding = 4; lastKnownFileType = sourcecode.c.objc; path = UUChartLabel.m; sourceTree = "<group>"; };
		FE308F631AE4FCF900D0BDF6 /* UUColor.h */ = {isa = PBXFileReference; fileEncoding = 4; lastKnownFileType = sourcecode.c.h; path = UUColor.h; sourceTree = "<group>"; };
		FE308F641AE4FCF900D0BDF6 /* UUColor.m */ = {isa = PBXFileReference; fileEncoding = 4; lastKnownFileType = sourcecode.c.objc; path = UUColor.m; sourceTree = "<group>"; };
		FE308F651AE4FCF900D0BDF6 /* UULineChart.h */ = {isa = PBXFileReference; fileEncoding = 4; lastKnownFileType = sourcecode.c.h; path = UULineChart.h; sourceTree = "<group>"; };
		FE308F661AE4FCF900D0BDF6 /* UULineChart.m */ = {isa = PBXFileReference; fileEncoding = 4; lastKnownFileType = sourcecode.c.objc; path = UULineChart.m; sourceTree = "<group>"; };
		FE5C833F1AD6168300A2AF7C /* CoreBluetooth.framework */ = {isa = PBXFileReference; lastKnownFileType = wrapper.framework; name = CoreBluetooth.framework; path = System/Library/Frameworks/CoreBluetooth.framework; sourceTree = SDKROOT; };
		FE5C83411AD6168B00A2AF7C /* CoreLocation.framework */ = {isa = PBXFileReference; lastKnownFileType = wrapper.framework; name = CoreLocation.framework; path = System/Library/Frameworks/CoreLocation.framework; sourceTree = SDKROOT; };
		FE6744471ADBA1730009798A /* HRCheckListViewController.h */ = {isa = PBXFileReference; fileEncoding = 4; lastKnownFileType = sourcecode.c.h; path = HRCheckListViewController.h; sourceTree = "<group>"; };
		FE6744481ADBA1730009798A /* HRCheckListViewController.m */ = {isa = PBXFileReference; fileEncoding = 4; lastKnownFileType = sourcecode.c.objc; path = HRCheckListViewController.m; sourceTree = "<group>"; };
		FE6744491ADBA1730009798A /* HRViewController.h */ = {isa = PBXFileReference; fileEncoding = 4; lastKnownFileType = sourcecode.c.h; path = HRViewController.h; sourceTree = "<group>"; };
		FE67444A1ADBA1730009798A /* HRViewController.m */ = {isa = PBXFileReference; fileEncoding = 4; lastKnownFileType = sourcecode.c.objc; path = HRViewController.m; sourceTree = "<group>"; };
		FE6744501ADBA1730009798A /* Main.storyboard */ = {isa = PBXFileReference; fileEncoding = 4; lastKnownFileType = file.storyboard; path = Main.storyboard; sourceTree = "<group>"; };
		FE67445A1ADCC41B0009798A /* head.jpg */ = {isa = PBXFileReference; lastKnownFileType = image.jpeg; path = head.jpg; sourceTree = "<group>"; };
		FE68B5521AADA225000FA4CE /* WeCheck.app */ = {isa = PBXFileReference; explicitFileType = wrapper.application; includeInIndex = 0; path = WeCheck.app; sourceTree = BUILT_PRODUCTS_DIR; };
		FE68B5561AADA225000FA4CE /* Info.plist */ = {isa = PBXFileReference; lastKnownFileType = text.plist.xml; path = Info.plist; sourceTree = "<group>"; };
		FE68B5571AADA225000FA4CE /* main.m */ = {isa = PBXFileReference; lastKnownFileType = sourcecode.c.objc; path = main.m; sourceTree = "<group>"; };
		FE68B5591AADA225000FA4CE /* AppDelegate.h */ = {isa = PBXFileReference; lastKnownFileType = sourcecode.c.h; path = AppDelegate.h; sourceTree = "<group>"; };
		FE68B55A1AADA225000FA4CE /* AppDelegate.m */ = {isa = PBXFileReference; lastKnownFileType = sourcecode.c.objc; path = AppDelegate.m; sourceTree = "<group>"; };
		FE68B5621AADA225000FA4CE /* Images.xcassets */ = {isa = PBXFileReference; lastKnownFileType = folder.assetcatalog; path = Images.xcassets; sourceTree = "<group>"; };
		FE68B5651AADA225000FA4CE /* Base */ = {isa = PBXFileReference; lastKnownFileType = file.xib; name = Base; path = Base.lproj/LaunchScreen.xib; sourceTree = "<group>"; };
		FE68B56B1AADA225000FA4CE /* WeCheckTests.xctest */ = {isa = PBXFileReference; explicitFileType = wrapper.cfbundle; includeInIndex = 0; path = WeCheckTests.xctest; sourceTree = BUILT_PRODUCTS_DIR; };
		FE68B5701AADA226000FA4CE /* Info.plist */ = {isa = PBXFileReference; lastKnownFileType = text.plist.xml; path = Info.plist; sourceTree = "<group>"; };
		FE68B5711AADA226000FA4CE /* WeCheckTests.m */ = {isa = PBXFileReference; lastKnownFileType = sourcecode.c.objc; path = WeCheckTests.m; sourceTree = "<group>"; };
		FEA484E41ADE8F6900DCE19D /* UILabel+FlickerNumber.h */ = {isa = PBXFileReference; fileEncoding = 4; lastKnownFileType = sourcecode.c.h; path = "UILabel+FlickerNumber.h"; sourceTree = "<group>"; };
		FEA484E51ADE8F6900DCE19D /* UILabel+FlickerNumber.m */ = {isa = PBXFileReference; fileEncoding = 4; lastKnownFileType = sourcecode.c.objc; path = "UILabel+FlickerNumber.m"; sourceTree = "<group>"; };
		FEA484E81ADFB19200DCE19D /* XYPieChart.h */ = {isa = PBXFileReference; fileEncoding = 4; lastKnownFileType = sourcecode.c.h; path = XYPieChart.h; sourceTree = "<group>"; };
		FEA484E91ADFB19200DCE19D /* XYPieChart.m */ = {isa = PBXFileReference; fileEncoding = 4; lastKnownFileType = sourcecode.c.objc; path = XYPieChart.m; sourceTree = "<group>"; };
		FEA484EB1ADFB1D200DCE19D /* HRStatisticsViewController.h */ = {isa = PBXFileReference; fileEncoding = 4; lastKnownFileType = sourcecode.c.h; path = HRStatisticsViewController.h; sourceTree = "<group>"; };
		FEA484EC1ADFB1D200DCE19D /* HRStatisticsViewController.m */ = {isa = PBXFileReference; fileEncoding = 4; lastKnownFileType = sourcecode.c.objc; path = HRStatisticsViewController.m; sourceTree = "<group>"; };
/* End PBXFileReference section */

/* Begin PBXFrameworksBuildPhase section */
		FE68B54F1AADA225000FA4CE /* Frameworks */ = {
			isa = PBXFrameworksBuildPhase;
			buildActionMask = 2147483647;
			files = (
				FE5C83421AD6168B00A2AF7C /* CoreLocation.framework in Frameworks */,
				FE5C83401AD6168300A2AF7C /* CoreBluetooth.framework in Frameworks */,
				77C1334F0EA914A85FD333B4 /* libPods.a in Frameworks */,
			);
			runOnlyForDeploymentPostprocessing = 0;
		};
		FE68B5681AADA225000FA4CE /* Frameworks */ = {
			isa = PBXFrameworksBuildPhase;
			buildActionMask = 2147483647;
			files = (
			);
			runOnlyForDeploymentPostprocessing = 0;
		};
/* End PBXFrameworksBuildPhase section */

/* Begin PBXGroup section */
		4F58C1B56E6015005F18F68D /* Pods */ = {
			isa = PBXGroup;
			children = (
				C88CDCD80646C23699CA936C /* Pods.debug.xcconfig */,
				0E6E62048B787BE94CC4B6E2 /* Pods.release.xcconfig */,
			);
			name = Pods;
			sourceTree = "<group>";
		};
		F964989FE23B90F122A733D5 /* Frameworks */ = {
			isa = PBXGroup;
			children = (
				FE5C83411AD6168B00A2AF7C /* CoreLocation.framework */,
				FE5C833F1AD6168300A2AF7C /* CoreBluetooth.framework */,
				F2FB43DA1E8F11D8AC0515A6 /* libPods.a */,
			);
			name = Frameworks;
			sourceTree = "<group>";
		};
		FE308F5A1AE4FCF900D0BDF6 /* UUChart */ = {
			isa = PBXGroup;
			children = (
				FE308F5B1AE4FCF900D0BDF6 /* UUBar.h */,
				FE308F5C1AE4FCF900D0BDF6 /* UUBar.m */,
				FE308F5D1AE4FCF900D0BDF6 /* UUBarChart.h */,
				FE308F5E1AE4FCF900D0BDF6 /* UUBarChart.m */,
				FE308F5F1AE4FCF900D0BDF6 /* UUChart.h */,
				FE308F601AE4FCF900D0BDF6 /* UUChart.m */,
				FE308F611AE4FCF900D0BDF6 /* UUChartLabel.h */,
				FE308F621AE4FCF900D0BDF6 /* UUChartLabel.m */,
				FE308F631AE4FCF900D0BDF6 /* UUColor.h */,
				FE308F641AE4FCF900D0BDF6 /* UUColor.m */,
				FE308F651AE4FCF900D0BDF6 /* UULineChart.h */,
				FE308F661AE4FCF900D0BDF6 /* UULineChart.m */,
			);
			path = UUChart;
			sourceTree = "<group>";
		};
		FE6744461ADBA1730009798A /* Controller */ = {
			isa = PBXGroup;
			children = (
				FE6744471ADBA1730009798A /* HRCheckListViewController.h */,
				FE6744481ADBA1730009798A /* HRCheckListViewController.m */,
				FE6744491ADBA1730009798A /* HRViewController.h */,
				FE67444A1ADBA1730009798A /* HRViewController.m */,
				FEA484EB1ADFB1D200DCE19D /* HRStatisticsViewController.h */,
				FEA484EC1ADFB1D200DCE19D /* HRStatisticsViewController.m */,
			);
			path = Controller;
			sourceTree = "<group>";
		};
		FE67444F1ADBA1730009798A /* View */ = {
			isa = PBXGroup;
			children = (
				FE6744501ADBA1730009798A /* Main.storyboard */,
			);
			path = View;
			sourceTree = "<group>";
		};
		FE6744581ADBC8830009798A /* Model */ = {
			isa = PBXGroup;
			children = (
				FE308F5A1AE4FCF900D0BDF6 /* UUChart */,
				FEA484E71ADFB19200DCE19D /* XYPieChart */,
				FEA484E31ADE8F6900DCE19D /* FlickerNumber */,
				FE6744591ADCC41B0009798A /* 头像 */,
			);
			path = Model;
			sourceTree = "<group>";
		};
		FE6744591ADCC41B0009798A /* 头像 */ = {
			isa = PBXGroup;
			children = (
				FE67445A1ADCC41B0009798A /* head.jpg */,
			);
			path = "头像";
			sourceTree = "<group>";
		};
		FE68B5491AADA225000FA4CE = {
			isa = PBXGroup;
			children = (
				FE68B5541AADA225000FA4CE /* WeCheck */,
				FE68B56E1AADA226000FA4CE /* WeCheckTests */,
				FE68B5531AADA225000FA4CE /* Products */,
				4F58C1B56E6015005F18F68D /* Pods */,
				F964989FE23B90F122A733D5 /* Frameworks */,
			);
			sourceTree = "<group>";
		};
		FE68B5531AADA225000FA4CE /* Products */ = {
			isa = PBXGroup;
			children = (
				FE68B5521AADA225000FA4CE /* WeCheck.app */,
				FE68B56B1AADA225000FA4CE /* WeCheckTests.xctest */,
			);
			name = Products;
			sourceTree = "<group>";
		};
		FE68B5541AADA225000FA4CE /* WeCheck */ = {
			isa = PBXGroup;
			children = (
				FE6744581ADBC8830009798A /* Model */,
				FE67444F1ADBA1730009798A /* View */,
				FE6744461ADBA1730009798A /* Controller */,
				FE68B5591AADA225000FA4CE /* AppDelegate.h */,
				FE68B55A1AADA225000FA4CE /* AppDelegate.m */,
				FE68B5621AADA225000FA4CE /* Images.xcassets */,
				FE68B5641AADA225000FA4CE /* LaunchScreen.xib */,
				FE68B5551AADA225000FA4CE /* Supporting Files */,
			);
			path = WeCheck;
			sourceTree = "<group>";
		};
		FE68B5551AADA225000FA4CE /* Supporting Files */ = {
			isa = PBXGroup;
			children = (
				FE68B5561AADA225000FA4CE /* Info.plist */,
				FE68B5571AADA225000FA4CE /* main.m */,
			);
			name = "Supporting Files";
			sourceTree = "<group>";
		};
		FE68B56E1AADA226000FA4CE /* WeCheckTests */ = {
			isa = PBXGroup;
			children = (
				FE68B5711AADA226000FA4CE /* WeCheckTests.m */,
				FE68B56F1AADA226000FA4CE /* Supporting Files */,
			);
			path = WeCheckTests;
			sourceTree = "<group>";
		};
		FE68B56F1AADA226000FA4CE /* Supporting Files */ = {
			isa = PBXGroup;
			children = (
				FE68B5701AADA226000FA4CE /* Info.plist */,
			);
			name = "Supporting Files";
			sourceTree = "<group>";
		};
		FEA484E31ADE8F6900DCE19D /* FlickerNumber */ = {
			isa = PBXGroup;
			children = (
				FEA484E41ADE8F6900DCE19D /* UILabel+FlickerNumber.h */,
				FEA484E51ADE8F6900DCE19D /* UILabel+FlickerNumber.m */,
			);
			path = FlickerNumber;
			sourceTree = "<group>";
		};
		FEA484E71ADFB19200DCE19D /* XYPieChart */ = {
			isa = PBXGroup;
			children = (
				FEA484E81ADFB19200DCE19D /* XYPieChart.h */,
				FEA484E91ADFB19200DCE19D /* XYPieChart.m */,
			);
			path = XYPieChart;
			sourceTree = "<group>";
		};
/* End PBXGroup section */

/* Begin PBXNativeTarget section */
		FE68B5511AADA225000FA4CE /* WeCheck */ = {
			isa = PBXNativeTarget;
			buildConfigurationList = FE68B5751AADA226000FA4CE /* Build configuration list for PBXNativeTarget "WeCheck" */;
			buildPhases = (
				FB6EFF89A9EA3801CD643940 /* Check Pods Manifest.lock */,
				FE68B54E1AADA225000FA4CE /* Sources */,
				FE68B54F1AADA225000FA4CE /* Frameworks */,
				FE68B5501AADA225000FA4CE /* Resources */,
				4224EA26523D931FC6B7B727 /* Copy Pods Resources */,
			);
			buildRules = (
			);
			dependencies = (
			);
			name = WeCheck;
			productName = WeCheck;
			productReference = FE68B5521AADA225000FA4CE /* WeCheck.app */;
			productType = "com.apple.product-type.application";
		};
		FE68B56A1AADA225000FA4CE /* WeCheckTests */ = {
			isa = PBXNativeTarget;
			buildConfigurationList = FE68B5781AADA226000FA4CE /* Build configuration list for PBXNativeTarget "WeCheckTests" */;
			buildPhases = (
				FE68B5671AADA225000FA4CE /* Sources */,
				FE68B5681AADA225000FA4CE /* Frameworks */,
				FE68B5691AADA225000FA4CE /* Resources */,
			);
			buildRules = (
			);
			dependencies = (
				FE68B56D1AADA225000FA4CE /* PBXTargetDependency */,
			);
			name = WeCheckTests;
			productName = WeCheckTests;
			productReference = FE68B56B1AADA225000FA4CE /* WeCheckTests.xctest */;
			productType = "com.apple.product-type.bundle.unit-test";
		};
/* End PBXNativeTarget section */

/* Begin PBXProject section */
		FE68B54A1AADA225000FA4CE /* Project object */ = {
			isa = PBXProject;
			attributes = {
				LastUpgradeCheck = 0610;
				ORGANIZATIONNAME = "Geek-Roc";
				TargetAttributes = {
					FE68B5511AADA225000FA4CE = {
						CreatedOnToolsVersion = 6.1.1;
						SystemCapabilities = {
							com.apple.BackgroundModes = {
								enabled = 1;
							};
						};
					};
					FE68B56A1AADA225000FA4CE = {
						CreatedOnToolsVersion = 6.1.1;
						TestTargetID = FE68B5511AADA225000FA4CE;
					};
				};
			};
			buildConfigurationList = FE68B54D1AADA225000FA4CE /* Build configuration list for PBXProject "WeCheck" */;
			compatibilityVersion = "Xcode 3.2";
			developmentRegion = English;
			hasScannedForEncodings = 0;
			knownRegions = (
				en,
				Base,
			);
			mainGroup = FE68B5491AADA225000FA4CE;
			productRefGroup = FE68B5531AADA225000FA4CE /* Products */;
			projectDirPath = "";
			projectRoot = "";
			targets = (
				FE68B5511AADA225000FA4CE /* WeCheck */,
				FE68B56A1AADA225000FA4CE /* WeCheckTests */,
			);
		};
/* End PBXProject section */

/* Begin PBXResourcesBuildPhase section */
		FE68B5501AADA225000FA4CE /* Resources */ = {
			isa = PBXResourcesBuildPhase;
			buildActionMask = 2147483647;
			files = (
				FE6744541ADBA1730009798A /* Main.storyboard in Resources */,
				FE67445B1ADCC41B0009798A /* head.jpg in Resources */,
				FE68B5661AADA225000FA4CE /* LaunchScreen.xib in Resources */,
				FE68B5631AADA225000FA4CE /* Images.xcassets in Resources */,
			);
			runOnlyForDeploymentPostprocessing = 0;
		};
		FE68B5691AADA225000FA4CE /* Resources */ = {
			isa = PBXResourcesBuildPhase;
			buildActionMask = 2147483647;
			files = (
			);
			runOnlyForDeploymentPostprocessing = 0;
		};
/* End PBXResourcesBuildPhase section */

/* Begin PBXShellScriptBuildPhase section */
		4224EA26523D931FC6B7B727 /* Copy Pods Resources */ = {
			isa = PBXShellScriptBuildPhase;
			buildActionMask = 2147483647;
			files = (
			);
			inputPaths = (
			);
			name = "Copy Pods Resources";
			outputPaths = (
			);
			runOnlyForDeploymentPostprocessing = 0;
			shellPath = /bin/sh;
			shellScript = "\"${SRCROOT}/Pods/Target Support Files/Pods/Pods-resources.sh\"\n";
			showEnvVarsInLog = 0;
		};
		FB6EFF89A9EA3801CD643940 /* Check Pods Manifest.lock */ = {
			isa = PBXShellScriptBuildPhase;
			buildActionMask = 2147483647;
			files = (
			);
			inputPaths = (
			);
			name = "Check Pods Manifest.lock";
			outputPaths = (
			);
			runOnlyForDeploymentPostprocessing = 0;
			shellPath = /bin/sh;
			shellScript = "diff \"${PODS_ROOT}/../Podfile.lock\" \"${PODS_ROOT}/Manifest.lock\" > /dev/null\nif [[ $? != 0 ]] ; then\n    cat << EOM\nerror: The sandbox is not in sync with the Podfile.lock. Run 'pod install' or update your CocoaPods installation.\nEOM\n    exit 1\nfi\n";
			showEnvVarsInLog = 0;
		};
/* End PBXShellScriptBuildPhase section */

/* Begin PBXSourcesBuildPhase section */
		FE68B54E1AADA225000FA4CE /* Sources */ = {
			isa = PBXSourcesBuildPhase;
			buildActionMask = 2147483647;
			files = (
				FEA484EA1ADFB19200DCE19D /* XYPieChart.m in Sources */,
				FE308F671AE4FCF900D0BDF6 /* UUBar.m in Sources */,
				FE308F6A1AE4FCF900D0BDF6 /* UUChartLabel.m in Sources */,
				FE68B55B1AADA225000FA4CE /* AppDelegate.m in Sources */,
				FE6744511ADBA1730009798A /* HRCheckListViewController.m in Sources */,
				FE308F6B1AE4FCF900D0BDF6 /* UUColor.m in Sources */,
				FE6744521ADBA1730009798A /* HRViewController.m in Sources */,
				FEA484ED1ADFB1D200DCE19D /* HRStatisticsViewController.m in Sources */,
				FE308F691AE4FCF900D0BDF6 /* UUChart.m in Sources */,
				FE308F6C1AE4FCF900D0BDF6 /* UULineChart.m in Sources */,
				FE68B5581AADA225000FA4CE /* main.m in Sources */,
				FEA484E61ADE8F6900DCE19D /* UILabel+FlickerNumber.m in Sources */,
				FE308F681AE4FCF900D0BDF6 /* UUBarChart.m in Sources */,
			);
			runOnlyForDeploymentPostprocessing = 0;
		};
		FE68B5671AADA225000FA4CE /* Sources */ = {
			isa = PBXSourcesBuildPhase;
			buildActionMask = 2147483647;
			files = (
				FE68B5721AADA226000FA4CE /* WeCheckTests.m in Sources */,
			);
			runOnlyForDeploymentPostprocessing = 0;
		};
/* End PBXSourcesBuildPhase section */

/* Begin PBXTargetDependency section */
		FE68B56D1AADA225000FA4CE /* PBXTargetDependency */ = {
			isa = PBXTargetDependency;
			target = FE68B5511AADA225000FA4CE /* WeCheck */;
			targetProxy = FE68B56C1AADA225000FA4CE /* PBXContainerItemProxy */;
		};
/* End PBXTargetDependency section */

/* Begin PBXVariantGroup section */
		FE68B5641AADA225000FA4CE /* LaunchScreen.xib */ = {
			isa = PBXVariantGroup;
			children = (
				FE68B5651AADA225000FA4CE /* Base */,
			);
			name = LaunchScreen.xib;
			sourceTree = "<group>";
		};
/* End PBXVariantGroup section */

/* Begin XCBuildConfiguration section */
		FE68B5731AADA226000FA4CE /* Debug */ = {
			isa = XCBuildConfiguration;
			buildSettings = {
				ALWAYS_SEARCH_USER_PATHS = NO;
				CLANG_CXX_LANGUAGE_STANDARD = "gnu++0x";
				CLANG_CXX_LIBRARY = "libc++";
				CLANG_ENABLE_MODULES = YES;
				CLANG_ENABLE_OBJC_ARC = YES;
				CLANG_WARN_BOOL_CONVERSION = YES;
				CLANG_WARN_CONSTANT_CONVERSION = YES;
				CLANG_WARN_DIRECT_OBJC_ISA_USAGE = YES_ERROR;
				CLANG_WARN_EMPTY_BODY = YES;
				CLANG_WARN_ENUM_CONVERSION = YES;
				CLANG_WARN_INT_CONVERSION = YES;
				CLANG_WARN_OBJC_ROOT_CLASS = YES_ERROR;
				CLANG_WARN_UNREACHABLE_CODE = YES;
				CLANG_WARN__DUPLICATE_METHOD_MATCH = YES;
				CODE_SIGN_IDENTITY = "iPhone Developer";
				"CODE_SIGN_IDENTITY[sdk=iphoneos*]" = "iPhone Developer";
				COPY_PHASE_STRIP = NO;
				ENABLE_STRICT_OBJC_MSGSEND = YES;
				GCC_C_LANGUAGE_STANDARD = gnu99;
				GCC_DYNAMIC_NO_PIC = NO;
				GCC_OPTIMIZATION_LEVEL = 0;
				GCC_PREPROCESSOR_DEFINITIONS = (
					"DEBUG=1",
					"$(inherited)",
				);
				GCC_SYMBOLS_PRIVATE_EXTERN = NO;
				GCC_WARN_64_TO_32_BIT_CONVERSION = YES;
				GCC_WARN_ABOUT_RETURN_TYPE = YES_ERROR;
				GCC_WARN_UNDECLARED_SELECTOR = YES;
				GCC_WARN_UNINITIALIZED_AUTOS = YES_AGGRESSIVE;
				GCC_WARN_UNUSED_FUNCTION = YES;
				GCC_WARN_UNUSED_VARIABLE = YES;
				IPHONEOS_DEPLOYMENT_TARGET = 8.0;
				MTL_ENABLE_DEBUG_INFO = YES;
				ONLY_ACTIVE_ARCH = YES;
				SDKROOT = iphoneos;
				TARGETED_DEVICE_FAMILY = "1,2";
			};
			name = Debug;
		};
		FE68B5741AADA226000FA4CE /* Release */ = {
			isa = XCBuildConfiguration;
			buildSettings = {
				ALWAYS_SEARCH_USER_PATHS = NO;
				CLANG_CXX_LANGUAGE_STANDARD = "gnu++0x";
				CLANG_CXX_LIBRARY = "libc++";
				CLANG_ENABLE_MODULES = YES;
				CLANG_ENABLE_OBJC_ARC = YES;
				CLANG_WARN_BOOL_CONVERSION = YES;
				CLANG_WARN_CONSTANT_CONVERSION = YES;
				CLANG_WARN_DIRECT_OBJC_ISA_USAGE = YES_ERROR;
				CLANG_WARN_EMPTY_BODY = YES;
				CLANG_WARN_ENUM_CONVERSION = YES;
				CLANG_WARN_INT_CONVERSION = YES;
				CLANG_WARN_OBJC_ROOT_CLASS = YES_ERROR;
				CLANG_WARN_UNREACHABLE_CODE = YES;
				CLANG_WARN__DUPLICATE_METHOD_MATCH = YES;
				CODE_SIGN_IDENTITY = "iPhone Developer";
				"CODE_SIGN_IDENTITY[sdk=iphoneos*]" = "iPhone Developer";
				COPY_PHASE_STRIP = YES;
				ENABLE_NS_ASSERTIONS = NO;
				ENABLE_STRICT_OBJC_MSGSEND = YES;
				GCC_C_LANGUAGE_STANDARD = gnu99;
				GCC_WARN_64_TO_32_BIT_CONVERSION = YES;
				GCC_WARN_ABOUT_RETURN_TYPE = YES_ERROR;
				GCC_WARN_UNDECLARED_SELECTOR = YES;
				GCC_WARN_UNINITIALIZED_AUTOS = YES_AGGRESSIVE;
				GCC_WARN_UNUSED_FUNCTION = YES;
				GCC_WARN_UNUSED_VARIABLE = YES;
				IPHONEOS_DEPLOYMENT_TARGET = 8.0;
				MTL_ENABLE_DEBUG_INFO = NO;
				SDKROOT = iphoneos;
				TARGETED_DEVICE_FAMILY = "1,2";
				VALIDATE_PRODUCT = YES;
			};
			name = Release;
		};
		FE68B5761AADA226000FA4CE /* Debug */ = {
			isa = XCBuildConfiguration;
			baseConfigurationReference = C88CDCD80646C23699CA936C /* Pods.debug.xcconfig */;
			buildSettings = {
				ASSETCATALOG_COMPILER_APPICON_NAME = AppIcon;
				CODE_SIGN_IDENTITY = "iPhone Developer";
				"CODE_SIGN_IDENTITY[sdk=iphoneos*]" = "iPhone Developer";
				INFOPLIST_FILE = WeCheck/Info.plist;
				IPHONEOS_DEPLOYMENT_TARGET = 8.0;
				LD_RUNPATH_SEARCH_PATHS = "$(inherited) @executable_path/Frameworks";
				PRODUCT_NAME = "$(TARGET_NAME)";
				PROVISIONING_PROFILE = "";
				TARGETED_DEVICE_FAMILY = 1;
			};
			name = Debug;
		};
		FE68B5771AADA226000FA4CE /* Release */ = {
			isa = XCBuildConfiguration;
			baseConfigurationReference = 0E6E62048B787BE94CC4B6E2 /* Pods.release.xcconfig */;
			buildSettings = {
				ASSETCATALOG_COMPILER_APPICON_NAME = AppIcon;
				CODE_SIGN_IDENTITY = "iPhone Developer";
				"CODE_SIGN_IDENTITY[sdk=iphoneos*]" = "iPhone Developer";
				INFOPLIST_FILE = WeCheck/Info.plist;
				IPHONEOS_DEPLOYMENT_TARGET = 8.0;
				LD_RUNPATH_SEARCH_PATHS = "$(inherited) @executable_path/Frameworks";
				PRODUCT_NAME = "$(TARGET_NAME)";
				PROVISIONING_PROFILE = "";
				TARGETED_DEVICE_FAMILY = 1;
			};
			name = Release;
		};
		FE68B5791AADA226000FA4CE /* Debug */ = {
			isa = XCBuildConfiguration;
			buildSettings = {
				BUNDLE_LOADER = "$(TEST_HOST)";
				FRAMEWORK_SEARCH_PATHS = (
					"$(SDKROOT)/Developer/Library/Frameworks",
					"$(inherited)",
				);
				GCC_PREPROCESSOR_DEFINITIONS = (
					"DEBUG=1",
					"$(inherited)",
				);
				INFOPLIST_FILE = WeCheckTests/Info.plist;
				LD_RUNPATH_SEARCH_PATHS = "$(inherited) @executable_path/Frameworks @loader_path/Frameworks";
				PRODUCT_NAME = "$(TARGET_NAME)";
				TEST_HOST = "$(BUILT_PRODUCTS_DIR)/WeCheck.app/WeCheck";
			};
			name = Debug;
		};
		FE68B57A1AADA226000FA4CE /* Release */ = {
			isa = XCBuildConfiguration;
			buildSettings = {
				BUNDLE_LOADER = "$(TEST_HOST)";
				FRAMEWORK_SEARCH_PATHS = (
					"$(SDKROOT)/Developer/Library/Frameworks",
					"$(inherited)",
				);
				INFOPLIST_FILE = WeCheckTests/Info.plist;
				LD_RUNPATH_SEARCH_PATHS = "$(inherited) @executable_path/Frameworks @loader_path/Frameworks";
				PRODUCT_NAME = "$(TARGET_NAME)";
				TEST_HOST = "$(BUILT_PRODUCTS_DIR)/WeCheck.app/WeCheck";
			};
			name = Release;
		};
/* End XCBuildConfiguration section */

/* Begin XCConfigurationList section */
		FE68B54D1AADA225000FA4CE /* Build configuration list for PBXProject "WeCheck" */ = {
			isa = XCConfigurationList;
			buildConfigurations = (
				FE68B5731AADA226000FA4CE /* Debug */,
				FE68B5741AADA226000FA4CE /* Release */,
			);
			defaultConfigurationIsVisible = 0;
			defaultConfigurationName = Release;
		};
		FE68B5751AADA226000FA4CE /* Build configuration list for PBXNativeTarget "WeCheck" */ = {
			isa = XCConfigurationList;
			buildConfigurations = (
				FE68B5761AADA226000FA4CE /* Debug */,
				FE68B5771AADA226000FA4CE /* Release */,
			);
			defaultConfigurationIsVisible = 0;
			defaultConfigurationName = Release;
		};
		FE68B5781AADA226000FA4CE /* Build configuration list for PBXNativeTarget "WeCheckTests" */ = {
			isa = XCConfigurationList;
			buildConfigurations = (
				FE68B5791AADA226000FA4CE /* Debug */,
				FE68B57A1AADA226000FA4CE /* Release */,
			);
			defaultConfigurationIsVisible = 0;
			defaultConfigurationName = Release;
		};
/* End XCConfigurationList section */
	};
	rootObject = FE68B54A1AADA225000FA4CE /* Project object */;
}
